
Microsoft Visual Studio Solution File, Format Version 12.00
# Visual Studio Version 17
VisualStudioVersion = 17.3.32901.215
MinimumVisualStudioVersion = 10.0.40219.1
Project("{8BC9CEB8-8B4A-11D0-8D11-00A0C91BC942}") = "ооп лаба 12", "ооп лаба 12\ооп лаба 12.vcxproj", "{86EEB874-4024-40C5-8467-8DA4A5ABB5D8}"
EndProject
Project("{8BC9CEB8-8B4A-11D0-8D11-00A0C91BC942}") = "zadacha_2", "zadacha_2\zadacha_2.vcxproj", "{9ED74A72-F656-497E-BF45-7B88D0FC07B3}"
EndProject
Project("{8BC9CEB8-8B4A-11D0-8D11-00A0C91BC942}") = "zadacha_3", "zadacha_3\zadacha_3.vcxproj", "{5A9B05D6-D1BF-4F3C-A28E-7595448E2B5C}"
EndProject
Global
	GlobalSection(SolutionConfigurationPlatforms) = preSolution
		Debug|x64 = Debug|x64
		Debug|x86 = Debug|x86
		Release|x64 = Release|x64
		Release|x86 = Release|x86
	EndGlobalSection
	GlobalSection(ProjectConfigurationPlatforms) = postSolution
		{86EEB874-4024-40C5-8467-8DA4A5ABB5D8}.Debug|x64.ActiveCfg = Debug|x64
		{86EEB874-4024-40C5-8467-8DA4A5ABB5D8}.Debug|x64.Build.0 = Debug|x64
		{86EEB874-4024-40C5-8467-8DA4A5ABB5D8}.Debug|x86.ActiveCfg = Debug|Win32
		{86EEB874-4024-40C5-8467-8DA4A5ABB5D8}.Debug|x86.Build.0 = Debug|Win32
		{86EEB874-4024-40C5-8467-8DA4A5ABB5D8}.Release|x64.ActiveCfg = Release|x64
		{86EEB874-4024-40C5-8467-8DA4A5ABB5D8}.Release|x64.Build.0 = Release|x64
		{86EEB874-4024-40C5-8467-8DA4A5ABB5D8}.Release|x86.ActiveCfg = Release|Win32
		{86EEB874-4024-40C5-8467-8DA4A5ABB5D8}.Release|x86.Build.0 = Release|Win32
		{9ED74A72-F656-497E-BF45-7B88D0FC07B3}.Debug|x64.ActiveCfg = Debug|x64
		{9ED74A72-F656-497E-BF45-7B88D0FC07B3}.Debug|x64.Build.0 = Debug|x64
		{9ED74A72-F656-497E-BF45-7B88D0FC07B3}.Debug|x86.ActiveCfg = Debug|Win32
		{9ED74A72-F656-497E-BF45-7B88D0FC07B3}.Debug|x86.Build.0 = Debug|Win32
		{9ED74A72-F656-497E-BF45-7B88D0FC07B3}.Release|x64.ActiveCfg = Release|x64
		{9ED74A72-F656-497E-BF45-7B88D0FC07B3}.Release|x64.Build.0 = Release|x64
		{9ED74A72-F656-497E-BF45-7B88D0FC07B3}.Release|x86.ActiveCfg = Release|Win32
		{9ED74A72-F656-497E-BF45-7B88D0FC07B3}.Release|x86.Build.0 = Release|Win32
		{5A9B05D6-D1BF-4F3C-A28E-7595448E2B5C}.Debug|x64.ActiveCfg = Debug|x64
		{5A9B05D6-D1BF-4F3C-A28E-7595448E2B5C}.Debug|x64.Build.0 = Debug|x64
		{5A9B05D6-D1BF-4F3C-A28E-7595448E2B5C}.Debug|x86.ActiveCfg = Debug|Win32
		{5A9B05D6-D1BF-4F3C-A28E-7595448E2B5C}.Debug|x86.Build.0 = Debug|Win32
		{5A9B05D6-D1BF-4F3C-A28E-7595448E2B5C}.Release|x64.ActiveCfg = Release|x64
		{5A9B05D6-D1BF-4F3C-A28E-7595448E2B5C}.Release|x64.Build.0 = Release|x64
		{5A9B05D6-D1BF-4F3C-A28E-7595448E2B5C}.Release|x86.ActiveCfg = Release|Win32
		{5A9B05D6-D1BF-4F3C-A28E-7595448E2B5C}.Release|x86.Build.0 = Release|Win32
	EndGlobalSection
	GlobalSection(SolutionProperties) = preSolution
		HideSolutionNode = FALSE
	EndGlobalSection
	GlobalSection(ExtensibilityGlobals) = postSolution
		SolutionGuid = {CBD1A66C-BFDF-4EC1-B5B4-ED07CAA313E5}
	EndGlobalSection
EndGlobal
